# THIS IS AN AUTOGENERATED FILE. DO NOT EDIT THIS FILE DIRECTLY.
# yarn lockfile v1


"@noble/hashes@^2.2.0":
  version "2.4.0"
  resolved "https://registry.yarnpkg.com/@noble/hashes/-/hashes-2.4.0.tgz#e6a3e98edbed3c8659b28bb8f9b18ca02ec8ea4b"
  integrity sha512-X5XaVWZIBCT7HHZGm5I7ZQXDwLG+bGXuSrMQAW+7Zvl87h1kmc1ZB1VSRJcpUfoUrGQp4Fkoxm5kZ+Ms+aW+eA==

"@otplib/core@13.5.0":
  version "13.5.0"
  resolved "https://registry.yarnpkg.com/@otplib/core/-/core-13.5.0.tgz#629a7fef5b6394f34ff55213b936223b368796a4"
  integrity sha512-2rURdkYkb3BDhMs3j/oCCPTve1ybJ6ruLfLfSe1ZSPV+y6RFTbLfAuT0m0ZCnps88ogkIq9t/+Li/kg5RofQwQ==

"@otplib/hotp@13.5.0":
  version "13.5.0"
  resolved "https://registry.yarnpkg.com/@otplib/hotp/-/hotp-13.5.0.tgz#2832cc6e52f3d037428f094177b4779babe19aa5"
  integrity sha512-1EwwAti05CeWJn4xXOVMBK9N6dIJlJw/cQkQyiL9OVlkeS452wAve3ffodi+5IUZdWoF1wxVug38RisdxDqDWw==
  dependencies:
    "@otplib/core" "13.5.0"
    "@otplib/uri" "13.5.0"

"@otplib/plugin-base32-scure@13.5.0":
  version "13.5.0"
  resolved "https://registry.yarnpkg.com/@otplib/plugin-base32-scure/-/plugin-base32-scure-13.5.0.tgz#ba2f329aeea3ed4df3c4e21ce2e9c2e8c9aaed4f"
  integrity sha512-3JEIHindUMiIeNL0jXepSAkZ/7IkWq4sPdG9eXK0lrMXZG9RdKu5oz/4tuuTodtsFUPYhKlRMqv5xUvQIkMIaA==
  dependencies:
    "@otplib/core" "13.5.0"
    "@scure/base" "^2.2.0"

"@otplib/plugin-crypto-noble@13.5.0":
  version "13.5.0"
  resolved "https://registry.yarnpkg.com/@otplib/plugin-crypto-noble/-/plugin-crypto-noble-13.5.0.tgz#820227beb159090a7448ce7245a4e615b5579f0e"
  integrity sha512-fihOAGFvc4b8XTKyIK3jifFP2nLrUNc2bOaJ3UkUKJjy1XI2FbHKG0WmOH+jFsPfa6VsOnouCnEmSznDxIe0pA==
  dependencies:
    "@noble/hashes" "^2.2.0"
    "@otplib/core" "13.5.0"

"@otplib/totp@13.5.0":
  version "13.5.0"
  resolved "https://registry.yarnpkg.com/@otplib/totp/-/totp-13.5.0.tgz#48a60807457726ea34f1d1185f994120652e4468"
  integrity sha512-GD9LzQnbHDwXCp79s8AaiA5cJR6luX5fEr9AN32AWx4ooRvllPbMkG80gHSA0jbGCnAIX/ChyOtTZ8tgJHMkSg==
  dependencies:
    "@otplib/core" "13.5.0"
    "@otplib/hotp" "13.5.0"
    "@otplib/uri" "13.5.0"

"@otplib/uri@13.5.0":
  version "13.5.0"
  resolved "https://registry.yarnpkg.com/@otplib/uri/-/uri-13.5.0.tgz#d2da470be24f872bb1c24717bcdd2e5c122e3ce3"
  integrity sha512-LsL1hqTEgJHY40U2eb/Qp6OR1tKkNGwHQTrqqjIuJj0cawGWkLEmeUFK1MHzWBQ4bgy5IdeB5Et7gIDSAH/CRw==
  dependencies:
    "@otplib/core" "13.5.0"

"@playwright/test@^1.63.0":
  version "1.63.0"
  resolved "https://registry.npmjs.org/@playwright/test/-/test-1.63.0.tgz"
  integrity sha512-oxMK4vllB9RK5NQ2l1pq1IfOf2AvnEuj/vYGDj0H2nMtmtZpKtCwt/l00GEO6xjGfpBNAvjovvYdCm50dRQkpQ==
  dependencies:
    playwright "1.63.0"

"@scure/base@^2.2.0":
  version "2.4.0"
  resolved "https://registry.yarnpkg.com/@scure/base/-/base-2.4.0.tgz#61e4ed7d4447afc247f2bff9aeb8fca53267db86"
  integrity sha512-thZ1TuJwFwBblOhgsjDKvvGirBxNp+wSvY/DR6tJBJOTDhdAAcHJ8Vbr2eFnqaxeca4+t0i9KBf+uHYGWwZORg==

"@types/node@^26.6.4":
  version "26.6.4"
  resolved "https://registry.npmjs.org/@types/node/-/node-26.6.4.tgz"
  integrity sha512-ldVPDCzj7fsaGZrLB0NuHuTvJcsNasysBAqMolr/cgxrLd1xbqxIr3XJiPnHHJUCxj5sNF1vnRj9aWnrVh5Jcg==
  dependencies:
    undici-types "~8.9.0"

dotenv@^18.0.6:
  version "18.0.6"
  resolved "https://registry.yarnpkg.com/dotenv/-/dotenv-18.0.6.tgz#4be6fbb5dfad109aa10edc59c42e369bf4243ce8"
  integrity sha512-ZMVmohV6CvAJtj++pZNyggluUt6hbRdQAxc2+Z635RL6/AG/ruXv5lHnybUFoxMPL/yrTL/tsF4paZu2l7RA6Q==

inherits@2.0.3:
  version "2.0.3"
  resolved "https://registry.yarnpkg.com/inherits/-/inherits-2.0.3.tgz#633c2c83e3da42a502f52466022480f4208261de"
  integrity sha512-x00IRNXNy63jwGkJmzPigoySHbaqpNuzKbBOmzK+g2OdZpQ9w+sxCN+VSB3ja7IAge2OP2qpfxTjeNcyjmW1uw==

otplib@^13.5.0:
  version "13.5.0"
  resolved "https://registry.yarnpkg.com/otplib/-/otplib-13.5.0.tgz#78b5d0d9edf83078d7fe37243bbcdd96d7a65d37"
  integrity sha512-RpcC6aq4rANX6MverMuU3pqHVLgMPO7vl6qR8ga7YzoEHlPJknJ58cSVAaf3jBYnasiQVQHXXl2mj/4pYlsVEQ==
  dependencies:
    "@otplib/core" "13.5.0"
    "@otplib/hotp" "13.5.0"
    "@otplib/plugin-base32-scure" "13.5.0"
    "@otplib/plugin-crypto-noble" "13.5.0"
    "@otplib/totp" "13.5.0"
    "@otplib/uri" "13.5.0"

path@^0.12.7:
  version "0.12.7"
  resolved "https://registry.yarnpkg.com/path/-/path-0.12.7.tgz#d4dc2a506c4ce2197eb481ebfcd5b36c0140b10f"
  integrity sha512-aXXC6s+1w7otVF9UletFkFcDsJeO7lSZBPUQhtb5O0xJe8LtYhj/GxldoL09bBj9+ZmE2hNoHqQSFMN5fikh4Q==
  dependencies:
    process "^0.11.1"
    util "^0.10.3"

playwright-core@1.63.0:
  version "1.63.0"
  resolved "https://registry.npmjs.org/playwright-core/-/playwright-core-1.63.0.tgz"
  integrity sha512-rYCsBF/M5HjUch52bbtVONEFjv6Xu8sm8h72dNlR5bzIE1fvC/bxgspzkjSfU+MweEMmPM8KJebG6nnyxo5mCg==

playwright@1.63.0:
  version "1.63.0"
  resolved "https://registry.npmjs.org/playwright/-/playwright-1.63.0.tgz"
  integrity sha512-+7ziBLidS4NaNCdt57SUDT+wYmmd5fmiQejUic/kb+YsYSCPyOOE9sebzMjNmQrsnNpDJqd4WHvV/8lfKfUDUg==
  dependencies:
    playwright-core "1.63.0"

process@^0.11.1:
  version "0.11.10"
  resolved "https://registry.yarnpkg.com/process/-/process-0.11.10.tgz#7332300e840161bda3e69a1d1d91a7d4bc16f182"
  integrity sha512-cdGef/drWFoydD1JsMzuFf8100nZl+GT+yacc2bEced5f9Rjk4z+WtFUTBu9PhOi9j/jfmBPu0mMEY4wIdAF8A==

undici-types@~8.9.0:
  version "8.9.0"
  resolved "https://registry.npmjs.org/undici-types/-/undici-types-8.9.0.tgz"
  integrity sha512-KTDyRTYX8sWmKXAikPHHSyc63CRPETMctyjKFupcC6OBLXT3xsN0e9aF7m+mIXutFWpUXuedtowG7iLOzp0kQg==

util@^0.10.3:
  version "0.10.4"
  resolved "https://registry.yarnpkg.com/util/-/util-0.10.4.tgz#3aa0125bfe668a4672de58857d3ace27ecb76901"
  integrity sha512-0Pm9hTQ3se5ll1XihRic3FDIku70C+iHUdT/W926rSgHV5QgXsYbKZN8MSC3tJtSkhuROzvsQjAaFENRXr+19A==
  dependencies:
    inherits "2.0.3"
